// !$*UTF8*$!
{
	archiveVersion = 1;
	classes = {
	};
	objectVersion = 46;
	objects = {

/* Begin PBXBuildFile section */
		65D231BECC42C191C59AF618 /* Pods_EMDb.framework in Frameworks */ = {isa = PBXBuildFile; fileRef = 9073DE8F2EDBB8F10E3356F8 /* Pods_EMDb.framework */; };
		FA38C8461E4FBA560061866E /* AppDelegate.swift in Sources */ = {isa = PBXBuildFile; fileRef = FA38C8451E4FBA560061866E /* AppDelegate.swift */; };
		FA38C8481E4FBA560061866E /* ViewController.swift in Sources */ = {isa = PBXBuildFile; fileRef = FA38C8471E4FBA560061866E /* ViewController.swift */; };
		FA38C84B1E4FBA560061866E /* Main.storyboard in Resources */ = {isa = PBXBuildFile; fileRef = FA38C8491E4FBA560061866E /* Main.storyboard */; };
		FA38C84D1E4FBA560061866E /* Assets.xcassets in Resources */ = {isa = PBXBuildFile; fileRef = FA38C84C1E4FBA560061866E /* Assets.xcassets */; };
		FA38C8501E4FBA560061866E /* LaunchScreen.storyboard in Resources */ = {isa = PBXBuildFile; fileRef = FA38C84E1E4FBA560061866E /* LaunchScreen.storyboard */; };
		FA38C8581E4FC3E20061866E /* CoreDataStack.swift in Sources */ = {isa = PBXBuildFile; fileRef = FA38C8571E4FC3E20061866E /* CoreDataStack.swift */; };
/* End PBXBuildFile section */

/* Begin PBXFileReference section */
		2024D65024216AE72F09B89F /* Pods-EMDb.debug.xcconfig */ = {isa = PBXFileReference; includeInIndex = 1; lastKnownFileType = text.xcconfig; name = "Pods-EMDb.debug.xcconfig"; path = "Pods/Target Support Files/Pods-EMDb/Pods-EMDb.debug.xcconfig"; sourceTree = "<group>"; };
		9073DE8F2EDBB8F10E3356F8 /* Pods_EMDb.framework */ = {isa = PBXFileReference; explicitFileType = wrapper.framework; includeInIndex = 0; path = Pods_EMDb.framework; sourceTree = BUILT_PRODUCTS_DIR; };
		A4BB7ED9CB66B68294AFA40E /* Pods-EMDb.release.xcconfig */ = {isa = PBXFileReference; includeInIndex = 1; lastKnownFileType = text.xcconfig; name = "Pods-EMDb.release.xcconfig"; path = "Pods/Target Support Files/Pods-EMDb/Pods-EMDb.release.xcconfig"; sourceTree = "<group>"; };
		FA38C8421E4FBA560061866E /* EMDb.app */ = {isa = PBXFileReference; explicitFileType = wrapper.application; includeInIndex = 0; path = EMDb.app; sourceTree = BUILT_PRODUCTS_DIR; };
		FA38C8451E4FBA560061866E /* AppDelegate.swift */ = {isa = PBXFileReference; lastKnownFileType = sourcecode.swift; path = AppDelegate.swift; sourceTree = "<group>"; };
		FA38C8471E4FBA560061866E /* ViewController.swift */ = {isa = PBXFileReference; lastKnownFileType = sourcecode.swift; path = ViewController.swift; sourceTree = "<group>"; };
		FA38C84A1E4FBA560061866E /* Base */ = {isa = PBXFileReference; lastKnownFileType = file.storyboard; name = Base; path = Base.lproj/Main.storyboard; sourceTree = "<group>"; };
		FA38C84C1E4FBA560061866E /* Assets.xcassets */ = {isa = PBXFileReference; lastKnownFileType = folder.assetcatalog; path = Assets.xcassets; sourceTree = "<group>"; };
		FA38C84F1E4FBA560061866E /* Base */ = {isa = PBXFileReference; lastKnownFileType = file.storyboard; name = Base; path = Base.lproj/LaunchScreen.storyboard; sourceTree = "<group>"; };
		FA38C8511E4FBA560061866E /* Info.plist */ = {isa = PBXFileReference; lastKnownFileType = text.plist.xml; path = Info.plist; sourceTree = "<group>"; };
		FA38C8571E4FC3E20061866E /* CoreDataStack.swift */ = {isa = PBXFileReference; fileEncoding = 4; lastKnownFileType = sourcecode.swift; path = CoreDataStack.swift; sourceTree = "<group>"; };
/* End PBXFileReference section */

/* Begin PBXFrameworksBuildPhase section */
		FA38C83F1E4FBA560061866E /* Frameworks */ = {
			isa = PBXFrameworksBuildPhase;
			buildActionMask = 2147483647;
			files = (
				65D231BECC42C191C59AF618 /* Pods_EMDb.framework in Frameworks */,
			);
			runOnlyForDeploymentPostprocessing = 0;
		};
/* End PBXFrameworksBuildPhase section */

/* Begin PBXGroup section */
		35661B563B9F87FD2316DC05 /* Pods */ = {
			isa = PBXGroup;
			children = (
				2024D65024216AE72F09B89F /* Pods-EMDb.debug.xcconfig */,
				A4BB7ED9CB66B68294AFA40E /* Pods-EMDb.release.xcconfig */,
			);
			name = Pods;
			sourceTree = "<group>";
		};
		37A7A703E1FDC98F4A3938A3 /* Frameworks */ = {
			isa = PBXGroup;
			children = (
				9073DE8F2EDBB8F10E3356F8 /* Pods_EMDb.framework */,
			);
			name = Frameworks;
			sourceTree = "<group>";
		};
		FA38C8391E4FBA560061866E = {
			isa = PBXGroup;
			children = (
				FA38C8441E4FBA560061866E /* EMDb */,
				FA38C8431E4FBA560061866E /* Products */,
				35661B563B9F87FD2316DC05 /* Pods */,
				37A7A703E1FDC98F4A3938A3 /* Frameworks */,
			);
			sourceTree = "<group>";
		};
		FA38C8431E4FBA560061866E /* Products */ = {
			isa = PBXGroup;
			children = (
				FA38C8421E4FBA560061866E /* EMDb.app */,
			);
			name = Products;
			sourceTree = "<group>";
		};
		FA38C8441E4FBA560061866E /* EMDb */ = {
			isa = PBXGroup;
			children = (
				FA38C8451E4FBA560061866E /* AppDelegate.swift */,
				FA38C8471E4FBA560061866E /* ViewController.swift */,
				FA38C8571E4FC3E20061866E /* CoreDataStack.swift */,
				FA38C8491E4FBA560061866E /* Main.storyboard */,
				FA38C84C1E4FBA560061866E /* Assets.xcassets */,
				FA38C84E1E4FBA560061866E /* LaunchScreen.storyboard */,
				FA38C8511E4FBA560061866E /* Info.plist */,
			);
			path = EMDb;
			sourceTree = "<group>";
		};
/* End PBXGroup section */

/* Begin PBXNativeTarget section */
		FA38C8411E4FBA560061866E /* EMDb */ = {
			isa = PBXNativeTarget;
			buildConfigurationList = FA38C8541E4FBA560061866E /* Build configuration list for PBXNativeTarget "EMDb" */;
			buildPhases = (
				4730F5F5EA6FDC31B7DC6166 /* [CP] Check Pods Manifest.lock */,
				FA38C83E1E4FBA560061866E /* Sources */,
				FA38C83F1E4FBA560061866E /* Frameworks */,
				FA38C8401E4FBA560061866E /* Resources */,
				D1BFE8A5AA71EB743F6294B2 /* [CP] Embed Pods Frameworks */,
				C3FDEF4B1990D1BE65B40424 /* [CP] Copy Pods Resources */,
			);
			buildRules = (
			);
			dependencies = (
			);
			name = EMDb;
			productName = EMDb;
			productReference = FA38C8421E4FBA560061866E /* EMDb.app */;
			productType = "com.apple.product-type.application";
		};
/* End PBXNativeTarget section */

/* Begin PBXProject section */
		FA38C83A1E4FBA560061866E /* Project object */ = {
			isa = PBXProject;
			attributes = {
				LastSwiftUpdateCheck = 0820;
				LastUpgradeCheck = 0820;
				ORGANIZATIONNAME = "Juan Manuel Jimenez Sanchez";
				TargetAttributes = {
					FA38C8411E4FBA560061866E = {
						CreatedOnToolsVersion = 8.2.1;
						ProvisioningStyle = Automatic;
					};
				};
			};
			buildConfigurationList = FA38C83D1E4FBA560061866E /* Build configuration list for PBXProject "EMDb" */;
			compatibilityVersion = "Xcode 3.2";
			developmentRegion = English;
			hasScannedForEncodings = 0;
			knownRegions = (
				en,
				Base,
			);
			mainGroup = FA38C8391E4FBA560061866E;
			productRefGroup = FA38C8431E4FBA560061866E /* Products */;
			projectDirPath = "";
			projectRoot = "";
			targets = (
				FA38C8411E4FBA560061866E /* EMDb */,
			);
		};
/* End PBXProject section */

/* Begin PBXResourcesBuildPhase section */
		FA38C8401E4FBA560061866E /* Resources */ = {
			isa = PBXResourcesBuildPhase;
			buildActionMask = 2147483647;
			files = (
				FA38C8501E4FBA560061866E /* LaunchScreen.storyboard in Resources */,
				FA38C84D1E4FBA560061866E /* Assets.xcassets in Resources */,
				FA38C84B1E4FBA560061866E /* Main.storyboard in Resources */,
			);
			runOnlyForDeploymentPostprocessing = 0;
		};
/* End PBXResourcesBuildPhase section */

/* Begin PBXShellScriptBuildPhase section */
		4730F5F5EA6FDC31B7DC6166 /* [CP] Check Pods Manifest.lock */ = {
			isa = PBXShellScriptBuildPhase;
			buildActionMask = 2147483647;
			files = (
			);
			inputPaths = (
			);
			name = "[CP] Check Pods Manifest.lock";
			outputPaths = (
			);
			runOnlyForDeploymentPostprocessing = 0;
			shellPath = /bin/sh;
			shellScript = "diff \"${PODS_ROOT}/../Podfile.lock\" \"${PODS_ROOT}/Manifest.lock\" > /dev/null\nif [ $? != 0 ] ; then\n    # print error to STDERR\n    echo \"error: The sandbox is not in sync with the Podfile.lock. Run 'pod install' or update your CocoaPods installation.\" >&2\n    exit 1\nfi\n";
			showEnvVarsInLog = 0;
		};
		C3FDEF4B1990D1BE65B40424 /* [CP] Copy Pods Resources */ = {
			isa = PBXShellScriptBuildPhase;
			buildActionMask = 2147483647;
			files = (
			);
			inputPaths = (
			);
			name = "[CP] Copy Pods Resources";
			outputPaths = (
			);
			runOnlyForDeploymentPostprocessing = 0;
			shellPath = /bin/sh;
			shellScript = "\"${SRCROOT}/Pods/Target Support Files/Pods-EMDb/Pods-EMDb-resources.sh\"\n";
			showEnvVarsInLog = 0;
		};
		D1BFE8A5AA71EB743F6294B2 /* [CP] Embed Pods Frameworks */ = {
			isa = PBXShellScriptBuildPhase;
			buildActionMask = 2147483647;
			files = (
			);
			inputPaths = (
			);
			name = "[CP] Embed Pods Frameworks";
			outputPaths = (
			);
			runOnlyForDeploymentPostprocessing = 0;
			shellPath = /bin/sh;
			shellScript = "\"${SRCROOT}/Pods/Target Support Files/Pods-EMDb/Pods-EMDb-frameworks.sh\"\n";
			showEnvVarsInLog = 0;
		};
/* End PBXShellScriptBuildPhase section */

/* Begin PBXSourcesBuildPhase section */
		FA38C83E1E4FBA560061866E /* Sources */ = {
			isa = PBXSourcesBuildPhase;
			buildActionMask = 2147483647;
			files = (
				FA38C8581E4FC3E20061866E /* CoreDataStack.swift in Sources */,
				FA38C8481E4FBA560061866E /* ViewController.swift in Sources */,
				FA38C8461E4FBA560061866E /* AppDelegate.swift in Sources */,
			);
			runOnlyForDeploymentPostprocessing = 0;
		};
/* End PBXSourcesBuildPhase section */

/* Begin PBXVariantGroup section */
		FA38C8491E4FBA560061866E /* Main.storyboard */ = {
			isa = PBXVariantGroup;
			children = (
				FA38C84A1E4FBA560061866E /* Base */,
			);
			name = Main.storyboard;
			sourceTree = "<group>";
		};
		FA38C84E1E4FBA560061866E /* LaunchScreen.storyboard */ = {
			isa = PBXVariantGroup;
			children = (
				FA38C84F1E4FBA560061866E /* Base */,
			);
			name = LaunchScreen.storyboard;
			sourceTree = "<group>";
		};
/* End PBXVariantGroup section */

/* Begin XCBuildConfiguration section */
		FA38C8521E4FBA560061866E /* Debug */ = {
			isa = XCBuildConfiguration;
			buildSettings = {
				ALWAYS_SEARCH_USER_PATHS = NO;
				CLANG_ANALYZER_NONNULL = YES;
				CLANG_CXX_LANGUAGE_STANDARD = "gnu++0x";
				CLANG_CXX_LIBRARY = "libc++";
				CLANG_ENABLE_MODULES = YES;
				CLANG_ENABLE_OBJC_ARC = YES;
				CLANG_WARN_BOOL_CONVERSION = YES;
				CLANG_WARN_CONSTANT_CONVERSION = YES;
				CLANG_WARN_DIRECT_OBJC_ISA_USAGE = YES_ERROR;
				CLANG_WARN_DOCUMENTATION_COMMENTS = YES;
				CLANG_WARN_EMPTY_BODY = YES;
				CLANG_WARN_ENUM_CONVERSION = YES;
				CLANG_WARN_INFINITE_RECURSION = YES;
				CLANG_WARN_INT_CONVERSION = YES;
				CLANG_WARN_OBJC_ROOT_CLASS = YES_ERROR;
				CLANG_WARN_SUSPICIOUS_MOVE = YES;
				CLANG_WARN_UNREACHABLE_CODE = YES;
				CLANG_WARN__DUPLICATE_METHOD_MATCH = YES;
				"CODE_SIGN_IDENTITY[sdk=iphoneos*]" = "iPhone Developer";
				COPY_PHASE_STRIP = NO;
				DEBUG_INFORMATION_FORMAT = dwarf;
				ENABLE_STRICT_OBJC_MSGSEND = YES;
				ENABLE_TESTABILITY = YES;
				GCC_C_LANGUAGE_STANDARD = gnu99;
				GCC_DYNAMIC_NO_PIC = NO;
				GCC_NO_COMMON_BLOCKS = YES;
				GCC_OPTIMIZATION_LEVEL = 0;
				GCC_PREPROCESSOR_DEFINITIONS = (
					"DEBUG=1",
					"$(inherited)",
				);
				GCC_WARN_64_TO_32_BIT_CONVERSION = YES;
				GCC_WARN_ABOUT_RETURN_TYPE = YES_ERROR;
				GCC_WARN_UNDECLARED_SELECTOR = YES;
				GCC_WARN_UNINITIALIZED_AUTOS = YES_AGGRESSIVE;
				GCC_WARN_UNUSED_FUNCTION = YES;
				GCC_WARN_UNUSED_VARIABLE = YES;
				IPHONEOS_DEPLOYMENT_TARGET = 10.2;
				MTL_ENABLE_DEBUG_INFO = YES;
				ONLY_ACTIVE_ARCH = YES;
				SDKROOT = iphoneos;
				SWIFT_ACTIVE_COMPILATION_CONDITIONS = DEBUG;
				SWIFT_OPTIMIZATION_LEVEL = "-Onone";
			};
			name = Debug;
		};
		FA38C8531E4FBA560061866E /* Release */ = {
			isa = XCBuildConfiguration;
			buildSettings = {
				ALWAYS_SEARCH_USER_PATHS = NO;
				CLANG_ANALYZER_NONNULL = YES;
				CLANG_CXX_LANGUAGE_STANDARD = "gnu++0x";
				CLANG_CXX_LIBRARY = "libc++";
				CLANG_ENABLE_MODULES = YES;
				CLANG_ENABLE_OBJC_ARC = YES;
				CLANG_WARN_BOOL_CONVERSION = YES;
				CLANG_WARN_CONSTANT_CONVERSION = YES;
				CLANG_WARN_DIRECT_OBJC_ISA_USAGE = YES_ERROR;
				CLANG_WARN_DOCUMENTATION_COMMENTS = YES;
				CLANG_WARN_EMPTY_BODY = YES;
				CLANG_WARN_ENUM_CONVERSION = YES;
				CLANG_WARN_INFINITE_RECURSION = YES;
				CLANG_WARN_INT_CONVERSION = YES;
				CLANG_WARN_OBJC_ROOT_CLASS = YES_ERROR;
				CLANG_WARN_SUSPICIOUS_MOVE = YES;
				CLANG_WARN_UNREACHABLE_CODE = YES;
				CLANG_WARN__DUPLICATE_METHOD_MATCH = YES;
				"CODE_SIGN_IDENTITY[sdk=iphoneos*]" = "iPhone Developer";
				COPY_PHASE_STRIP = NO;
				DEBUG_INFORMATION_FORMAT = "dwarf-with-dsym";
				ENABLE_NS_ASSERTIONS = NO;
				ENABLE_STRICT_OBJC_MSGSEND = YES;
				GCC_C_LANGUAGE_STANDARD = gnu99;
				GCC_NO_COMMON_BLOCKS = YES;
				GCC_WARN_64_TO_32_BIT_CONVERSION = YES;
				GCC_WARN_ABOUT_RETURN_TYPE = YES_ERROR;
				GCC_WARN_UNDECLARED_SELECTOR = YES;
				GCC_WARN_UNINITIALIZED_AUTOS = YES_AGGRESSIVE;
				GCC_WARN_UNUSED_FUNCTION = YES;
				GCC_WARN_UNUSED_VARIABLE = YES;
				IPHONEOS_DEPLOYMENT_TARGET = 10.2;
				MTL_ENABLE_DEBUG_INFO = NO;
				SDKROOT = iphoneos;
				SWIFT_OPTIMIZATION_LEVEL = "-Owholemodule";
				VALIDATE_PRODUCT = YES;
			};
			name = Release;
		};
		FA38C8551E4FBA560061866E /* Debug */ = {
			isa = XCBuildConfiguration;
			baseConfigurationReference = 2024D65024216AE72F09B89F /* Pods-EMDb.debug.xcconfig */;
			buildSettings = {
				ASSETCATALOG_COMPILER_APPICON_NAME = AppIcon;
				INFOPLIST_FILE = EMDb/Info.plist;
				LD_RUNPATH_SEARCH_PATHS = "$(inherited) @executable_path/Frameworks";
				PRODUCT_BUNDLE_IDENTIFIER = com.juanmjimenezs.EMDb;
				PRODUCT_NAME = "$(TARGET_NAME)";
				SWIFT_VERSION = 3.0;
			};
			name = Debug;
		};
		FA38C8561E4FBA560061866E /* Release */ = {
			isa = XCBuildConfiguration;
			baseConfigurationReference = A4BB7ED9CB66B68294AFA40E /* Pods-EMDb.release.xcconfig */;
			buildSettings = {
				ASSETCATALOG_COMPILER_APPICON_NAME = AppIcon;
				INFOPLIST_FILE = EMDb/Info.plist;
				LD_RUNPATH_SEARCH_PATHS = "$(inherited) @executable_path/Frameworks";
				PRODUCT_BUNDLE_IDENTIFIER = com.juanmjimenezs.EMDb;
				PRODUCT_NAME = "$(TARGET_NAME)";
				SWIFT_VERSION = 3.0;
			};
			name = Release;
		};
/* End XCBuildConfiguration section */

/* Begin XCConfigurationList section */
		FA38C83D1E4FBA560061866E /* Build configuration list for PBXProject "EMDb" */ = {
			isa = XCConfigurationList;
			buildConfigurations = (
				FA38C8521E4FBA560061866E /* Debug */,
				FA38C8531E4FBA560061866E /* Release */,
			);
			defaultConfigurationIsVisible = 0;
			defaultConfigurationName = Release;
		};
		FA38C8541E4FBA560061866E /* Build configuration list for PBXNativeTarget "EMDb" */ = {
			isa = XCConfigurationList;
			buildConfigurations = (
				FA38C8551E4FBA560061866E /* Debug */,
				FA38C8561E4FBA560061866E /* Release */,
			);
			defaultConfigurationIsVisible = 0;
			defaultConfigurationName = Release;
		};
/* End XCConfigurationList section */
	};
	rootObject = FA38C83A1E4FBA560061866E /* Project object */;
}
